
Microsoft Visual Studio Solution File, Format Version 12.00
# Visual Studio Version 17
VisualStudioVersion = 17.11.35312.102
MinimumVisualStudioVersion = 10.0.40219.1
Project("{FAE04EC0-301F-11D3-BF4B-00C04F79EFBC}") = "EstudianteAPISec", "EstudianteAPISec\EstudianteAPISec.csproj", "{A8895CC5-B863-4F31-B4A0-B0BDA968DC63}"
EndProject
Project("{FAE04EC0-301F-11D3-BF4B-00C04F79EFBC}") = "Estudiante.Models", "Estudiante.Models\Estudiante.Models.csproj", "{4EEE0EB3-C5F7-4F62-851A-FFF3C6BBAA8A}"
EndProject
Project("{FAE04EC0-301F-11D3-BF4B-00C04F79EFBC}") = "Estudiante.Application", "Estudiante.Application\Estudiante.Application.csproj", "{122963E4-277F-4B1E-83DB-BFC894512E86}"
EndProject
Project("{FAE04EC0-301F-11D3-BF4B-00C04F79EFBC}") = "Estudiante.Repositories", "Estudiante.Repositories\Estudiante.Repositories.csproj", "{17A43802-5B4C-403F-B5BC-EAAEF3285B8F}"
EndProject
Global
	GlobalSection(SolutionConfigurationPlatforms) = preSolution
		Debug|Any CPU = Debug|Any CPU
		Release|Any CPU = Release|Any CPU
	EndGlobalSection
	GlobalSection(ProjectConfigurationPlatforms) = postSolution
		{A8895CC5-B863-4F31-B4A0-B0BDA968DC63}.Debug|Any CPU.ActiveCfg = Debug|Any CPU
		{A8895CC5-B863-4F31-B4A0-B0BDA968DC63}.Debug|Any CPU.Build.0 = Debug|Any CPU
		{A8895CC5-B863-4F31-B4A0-B0BDA968DC63}.Release|Any CPU.ActiveCfg = Release|Any CPU
		{A8895CC5-B863-4F31-B4A0-B0BDA968DC63}.Release|Any CPU.Build.0 = Release|Any CPU
		{4EEE0EB3-C5F7-4F62-851A-FFF3C6BBAA8A}.Debug|Any CPU.ActiveCfg = Debug|Any CPU
		{4EEE0EB3-C5F7-4F62-851A-FFF3C6BBAA8A}.Debug|Any CPU.Build.0 = Debug|Any CPU
		{4EEE0EB3-C5F7-4F62-851A-FFF3C6BBAA8A}.Release|Any CPU.ActiveCfg = Release|Any CPU
		{4EEE0EB3-C5F7-4F62-851A-FFF3C6BBAA8A}.Release|Any CPU.Build.0 = Release|Any CPU
		{122963E4-277F-4B1E-83DB-BFC894512E86}.Debug|Any CPU.ActiveCfg = Debug|Any CPU
		{122963E4-277F-4B1E-83DB-BFC894512E86}.Debug|Any CPU.Build.0 = Debug|Any CPU
		{122963E4-277F-4B1E-83DB-BFC894512E86}.Release|Any CPU.ActiveCfg = Release|Any CPU
		{122963E4-277F-4B1E-83DB-BFC894512E86}.Release|Any CPU.Build.0 = Release|Any CPU
		{17A43802-5B4C-403F-B5BC-EAAEF3285B8F}.Debug|Any CPU.ActiveCfg = Debug|Any CPU
		{17A43802-5B4C-403F-B5BC-EAAEF3285B8F}.Debug|Any CPU.Build.0 = Debug|Any CPU
		{17A43802-5B4C-403F-B5BC-EAAEF3285B8F}.Release|Any CPU.ActiveCfg = Release|Any CPU
		{17A43802-5B4C-403F-B5BC-EAAEF3285B8F}.Release|Any CPU.Build.0 = Release|Any CPU
	EndGlobalSection
	GlobalSection(SolutionProperties) = preSolution
		HideSolutionNode = FALSE
	EndGlobalSection
	GlobalSection(ExtensibilityGlobals) = postSolution
		SolutionGuid = {E7E50E5A-1380-4EEA-83A9-1E637C9AF7A2}
	EndGlobalSection
EndGlobal
